dependencies:
- name: banjo-helm
  repository: oci://ghcr.io/toggle-corp
  version: 0.2.6
- name: geocoding-helm
  repository: oci://ghcr.io/ifrcgo/geocoding-service
  version: 0.0.1-feature-geocoding-lite.b9897dd
digest: sha256:d82beff63fa29fc87bc0976008a6a2f14cd8d220392fe17f01880450e31029df
generated: "2026-04-09T11:49:33.640139161+05:45"
