dependencies:
- name: redis
  repository: https://charts.bitnami.com/bitnami
  version: 20.6.3
- name: rabbitmq
  repository: https://charts.bitnami.com/bitnami
  version: 15.4.0
- name: postgresql
  repository: https://charts.bitnami.com/bitnami
  version: 16.4.5
- name: minio
  repository: https://charts.bitnami.com/bitnami
  version: 14.10.5
- name: geocoding-helm
  repository: oci://ghcr.io/ifrcgo/geocoding-service
  version: 0.0.1-feature-geocoding-lite.b9897dd
digest: sha256:68ef1df317af75d725ece5c17a50c66220ee023e78347e9ab97c34fd22110994
generated: "2025-03-28T19:38:18.857700653+05:45"
