dependencies:
- name: banjo-helm
  repository: oci://ghcr.io/toggle-corp
  version: 0.2.8
- name: geocoding-helm
  repository: oci://ghcr.io/ifrcgo/geocoding-service
  version: 0.0.1-main.632a89a
digest: sha256:4cb53aa2f7131f63714c8044f96165ba4a6c0a38a018cf8fe84d1fc17b518ad0
generated: "2026-08-20T14:38:13.029346371+05:45"
